
Microsoft Visual Studio Solution File, Format Version 12.00
# Visual Studio Version 16
VisualStudioVersion = 16.0.30523.141
MinimumVisualStudioVersion = 10.0.40219.1
Project("{FAE04EC0-301F-11D3-BF4B-00C04F79EFBC}") = "QLHotel", "QLHotel\QLHotel.csproj", "{AD87C6DD-6133-4083-B0D3-544D62039B66}"
EndProject
Global
	GlobalSection(SolutionConfigurationPlatforms) = preSolution
		Debug|Any CPU = Debug|Any CPU
		Release|Any CPU = Release|Any CPU
	EndGlobalSection
	GlobalSection(ProjectConfigurationPlatforms) = postSolution
		{AD87C6DD-6133-4083-B0D3-544D62039B66}.Debug|Any CPU.ActiveCfg = Debug|Any CPU
		{AD87C6DD-6133-4083-B0D3-544D62039B66}.Debug|Any CPU.Build.0 = Debug|Any CPU
		{AD87C6DD-6133-4083-B0D3-544D62039B66}.Release|Any CPU.ActiveCfg = Release|Any CPU
		{AD87C6DD-6133-4083-B0D3-544D62039B66}.Release|Any CPU.Build.0 = Release|Any CPU
	EndGlobalSection
	GlobalSection(SolutionProperties) = preSolution
		HideSolutionNode = FALSE
	EndGlobalSection
	GlobalSection(ExtensibilityGlobals) = postSolution
		SolutionGuid = {5E3B0782-D89D-4D8A-882F-D2D64FBE4377}
	EndGlobalSection
EndGlobal
